
Microsoft Visual Studio Solution File, Format Version 12.00
Project("{FAE04EC0-301F-11D3-BF4B-00C04F79EFBC}") = "Fast.ML", "src\Fast.ML\Fast.ML.csproj", "{31A06BED-1586-4622-90D0-86D6E0CA46C3}"
EndProject
Project("{2150E333-8FDC-42A3-9474-1A3956D46DE8}") = "src", "src", "{E279427E-F7B6-4B2C-88FB-F12D2A62F294}"
EndProject
Project("{2150E333-8FDC-42A3-9474-1A3956D46DE8}") = "proto", "proto", "{00B868B6-BE12-43A5-B778-8A98684A3B6A}"
	ProjectSection(SolutionItems) = preProject
		src\proto\google\api\http.proto = src\proto\google\api\http.proto
		src\proto\google\api\annotations.proto = src\proto\google\api\annotations.proto
		src\proto\preprocessor.proto = src\proto\preprocessor.proto
		src\proto\worker.proto = src\proto\worker.proto
		src\proto\linear_regression.proto = src\proto\linear_regression.proto
		src\proto\ridge.proto = src\proto\ridge.proto
		src\proto\sgd_regressor.proto = src\proto\sgd_regressor.proto
	EndProjectSection
EndProject
Project("{2150E333-8FDC-42A3-9474-1A3956D46DE8}") = "tests", "tests", "{7D7DBEEC-E3A4-4DDC-AF8E-F60CEF1DCE3C}"
EndProject
Project("{FAE04EC0-301F-11D3-BF4B-00C04F79EFBC}") = "Fast.ML.Grpc", "src\Fast.ML.Grpc\Fast.ML.Grpc.csproj", "{D62508D3-A3E2-4089-BD0E-5AF77F4A9A02}"
EndProject
Global
	GlobalSection(SolutionConfigurationPlatforms) = preSolution
		Debug|Any CPU = Debug|Any CPU
		Release|Any CPU = Release|Any CPU
	EndGlobalSection
	GlobalSection(ProjectConfigurationPlatforms) = postSolution
		{31A06BED-1586-4622-90D0-86D6E0CA46C3}.Debug|Any CPU.ActiveCfg = Debug|Any CPU
		{31A06BED-1586-4622-90D0-86D6E0CA46C3}.Debug|Any CPU.Build.0 = Debug|Any CPU
		{31A06BED-1586-4622-90D0-86D6E0CA46C3}.Release|Any CPU.ActiveCfg = Release|Any CPU
		{31A06BED-1586-4622-90D0-86D6E0CA46C3}.Release|Any CPU.Build.0 = Release|Any CPU
		{D62508D3-A3E2-4089-BD0E-5AF77F4A9A02}.Debug|Any CPU.ActiveCfg = Debug|Any CPU
		{D62508D3-A3E2-4089-BD0E-5AF77F4A9A02}.Debug|Any CPU.Build.0 = Debug|Any CPU
		{D62508D3-A3E2-4089-BD0E-5AF77F4A9A02}.Release|Any CPU.ActiveCfg = Release|Any CPU
		{D62508D3-A3E2-4089-BD0E-5AF77F4A9A02}.Release|Any CPU.Build.0 = Release|Any CPU
	EndGlobalSection
	GlobalSection(NestedProjects) = preSolution
		{31A06BED-1586-4622-90D0-86D6E0CA46C3} = {E279427E-F7B6-4B2C-88FB-F12D2A62F294}
		{00B868B6-BE12-43A5-B778-8A98684A3B6A} = {E279427E-F7B6-4B2C-88FB-F12D2A62F294}
		{D62508D3-A3E2-4089-BD0E-5AF77F4A9A02} = {E279427E-F7B6-4B2C-88FB-F12D2A62F294}
	EndGlobalSection
EndGlobal
